{
  "version": 4,
  "terraform_version": "1.4.6",
  "serial": 15,
  "lineage": "c71b4fff-c65d-48a4-0f64-67f99f977e74",
  "outputs": {},
  "resources": [
    {
      "mode": "managed",
      "type": "local_file",
      "name": "literature",
      "provider": "provider[\"registry.terraform.io/hashicorp/local\"]",
      "instances": [
        {
          "schema_version": 0,
          "attributes": {
            "content": "    Sun Tzu said: The art of war is of vital importance to the State.\r\n    It is a matter of life and death, a road either to safety or to ruin.\r\n    Hence it is a subject of inquiry which can on no account be neglected.\r\nThe art of war, then, is governed by five constant factors, to be\r\n    taken into account in one's deliberations, when seeking to\r\n    determine the conditions obtaining in the field.\r\n    These are: (1) The Moral Law; (2) Heaven; (3) Earth; (4) The\r\n    Commander; (5) Method and discipline.\r\n",
            "content_base64": null,
            "content_base64sha256": "v36kRfqAYhQKe0sLKJndDWt0VkeJa/4LTKSIqKhsPFo=",
            "content_base64sha512": "UD5Uves+29by08NtNtwLSpKerTQd+rDsjzXSJiPT9KoPpyoyI/qoFgwDSezc5Fda1VBAe6SJ9InQq1mKHGtJQg==",
            "content_md5": "bb8ab12708f36023999a49fd823a71c9",
            "content_sha1": "4b5a0c4f4a95d33de333bc39a9674279000ea466",
            "content_sha256": "bf7ea445fa8062140a7b4b0b2899dd0d6b745647896bfe0b4ca488a8a86c3c5a",
            "content_sha512": "503e54bdeb3edbd6f2d3c36d36dc0b4a929ead341dfab0ec8f35d22623d3f4aa0fa72a3223faa8160c0349ecdce4575ad550407ba489f489d0ab598a1c6b4942",
            "directory_permission": "0777",
            "file_permission": "0777",
            "filename": "art_of_war.txt",
            "id": "4b5a0c4f4a95d33de333bc39a9674279000ea466",
            "sensitive_content": null,
            "source": null
          },
          "sensitive_attributes": []
        }
      ]
    }
  ],
  "check_results": null
}
